
Microsoft Visual Studio Solution File, Format Version 12.00
# Visual Studio Version 17
VisualStudioVersion = 17.5.002.0
MinimumVisualStudioVersion = 10.0.40219.1
Project("{9A19103F-16F7-4668-BE54-9A1E7A4F7556}") = "libsqlite3", "libsqlite3.csproj", "{606F41F0-7CC7-4C2A-8661-23BA45A41D3F}"
EndProject
Global
	GlobalSection(SolutionConfigurationPlatforms) = preSolution
		Debug|Any CPU = Debug|Any CPU
		Release|Any CPU = Release|Any CPU
	EndGlobalSection
	GlobalSection(ProjectConfigurationPlatforms) = postSolution
		{606F41F0-7CC7-4C2A-8661-23BA45A41D3F}.Debug|Any CPU.ActiveCfg = Debug|Any CPU
		{606F41F0-7CC7-4C2A-8661-23BA45A41D3F}.Debug|Any CPU.Build.0 = Debug|Any CPU
		{606F41F0-7CC7-4C2A-8661-23BA45A41D3F}.Release|Any CPU.ActiveCfg = Release|Any CPU
		{606F41F0-7CC7-4C2A-8661-23BA45A41D3F}.Release|Any CPU.Build.0 = Release|Any CPU
	EndGlobalSection
	GlobalSection(SolutionProperties) = preSolution
		HideSolutionNode = FALSE
	EndGlobalSection
	GlobalSection(ExtensibilityGlobals) = postSolution
		SolutionGuid = {A1D3AD42-448E-46D2-B0C2-3B7B2ADFC4C8}
	EndGlobalSection
EndGlobal
